
Microsoft Visual Studio Solution File, Format Version 12.00
# Visual Studio Version 17
VisualStudioVersion = 17.9.34728.123
MinimumVisualStudioVersion = 10.0.40219.1
Project("{FAE04EC0-301F-11D3-BF4B-00C04F79EFBC}") = "Parser", "Parser\Parser.csproj", "{18AEC71B-AF71-4A7F-B1B6-56F7F1DA3C99}"
EndProject
Project("{2150E333-8FDC-42A3-9474-1A3956D46DE8}") = "Solution Items", "Solution Items", "{7D38FB68-DBD4-4061-9805-7E1F8F21240C}"
EndProject
Global
	GlobalSection(SolutionConfigurationPlatforms) = preSolution
		Debug|Any CPU = Debug|Any CPU
		Release|Any CPU = Release|Any CPU
	EndGlobalSection
	GlobalSection(ProjectConfigurationPlatforms) = postSolution
		{18AEC71B-AF71-4A7F-B1B6-56F7F1DA3C99}.Debug|Any CPU.ActiveCfg = Debug|Any CPU
		{18AEC71B-AF71-4A7F-B1B6-56F7F1DA3C99}.Debug|Any CPU.Build.0 = Debug|Any CPU
		{18AEC71B-AF71-4A7F-B1B6-56F7F1DA3C99}.Release|Any CPU.ActiveCfg = Release|Any CPU
		{18AEC71B-AF71-4A7F-B1B6-56F7F1DA3C99}.Release|Any CPU.Build.0 = Release|Any CPU
	EndGlobalSection
	GlobalSection(SolutionProperties) = preSolution
		HideSolutionNode = FALSE
	EndGlobalSection
	GlobalSection(ExtensibilityGlobals) = postSolution
		SolutionGuid = {702DB536-846C-4914-9A71-0B71EFFD4969}
	EndGlobalSection
EndGlobal
